<?xml version="1.0" encoding="utf-8"?>
<Project ToolsVersion="4.0" xmlns="http://schemas.microsoft.com/developer/msbuild/2003">
  <ItemGroup>
    <Filter Include="리소스 파일">
      <UniqueIdentifier>{67DA6AB6-F800-4c08-8B7A-83BB121AAD01}</UniqueIdentifier>
      <Extensions>rc;ico;cur;bmp;dlg;rc2;rct;bin;rgs;gif;jpg;jpeg;jpe;resx;tiff;tif;png;wav;mfcribbon-ms</Extensions>
    </Filter>
    <Filter Include="02. Engine">
      <UniqueIdentifier>{aa991a1f-46ba-4a6a-bc45-721bf905d3e5}</UniqueIdentifier>
    </Filter>
    <Filter Include="Default">
      <UniqueIdentifier>{8258897c-5151-48fb-ab41-d1f21edd83b7}</UniqueIdentifier>
    </Filter>
    <Filter Include="01. Header">
      <UniqueIdentifier>{7bfcaed6-d40b-4e4e-bb98-3397656a5fe1}</UniqueIdentifier>
    </Filter>
    <Filter Include="03. Device">
      <UniqueIdentifier>{afd06add-c3a9-42ab-9256-71205ac1d48e}</UniqueIdentifier>
    </Filter>
    <Filter Include="Module">
      <UniqueIdentifier>{6e7cd1e6-288a-437e-ae74-fac509c6c0f1}</UniqueIdentifier>
    </Filter>
    <Filter Include="HLSL">
      <UniqueIdentifier>{7d745bc7-29de-4c08-a627-9f3962ca790d}</UniqueIdentifier>
    </Filter>
    <Filter Include="HLSL\2D">
      <UniqueIdentifier>{86780a16-636b-4c02-9416-99480ca7a38a}</UniqueIdentifier>
    </Filter>
    <Filter Include="04. Manager">
      <UniqueIdentifier>{6ec180df-10f5-4f48-8991-e4f4e0bc3561}</UniqueIdentifier>
    </Filter>
    <Filter Include="04. Manager\01.TimeMgr">
      <UniqueIdentifier>{c25b740e-0b53-414b-a980-4e813ba0d21f}</UniqueIdentifier>
    </Filter>
    <Filter Include="04. Manager\02.PathMgr">
      <UniqueIdentifier>{956a8795-8569-4abd-b0c0-8b7f20715833}</UniqueIdentifier>
    </Filter>
    <Filter Include="04. Manager\03.KeyMgr">
      <UniqueIdentifier>{2535842d-1e3e-4669-9b7b-c029654546b9}</UniqueIdentifier>
    </Filter>
    <Filter Include="05. GameObject">
      <UniqueIdentifier>{7a9f8534-7f97-49d8-a15f-9535b36824fc}</UniqueIdentifier>
    </Filter>
    <Filter Include="06. Component">
      <UniqueIdentifier>{a3a7f995-086f-4ec5-bd8a-527b3bc0264d}</UniqueIdentifier>
    </Filter>
    <Filter Include="07. Asset">
      <UniqueIdentifier>{b8aafb7b-dbe3-449f-a75b-6ca32449d8e9}</UniqueIdentifier>
    </Filter>
    <Filter Include="07. Asset\Mesh">
      <UniqueIdentifier>{9e872065-702b-43a8-9ec4-febd6861c39e}</UniqueIdentifier>
    </Filter>
    <Filter Include="07. Asset\Texture">
      <UniqueIdentifier>{fb8b82a9-bf7d-4771-8840-566e19ba44ab}</UniqueIdentifier>
    </Filter>
    <Filter Include="07. Asset\Sound">
      <UniqueIdentifier>{700125af-ab1b-41a1-8a51-28d57cf97842}</UniqueIdentifier>
    </Filter>
    <Filter Include="07. Asset\Material">
      <UniqueIdentifier>{166e4334-e805-4d66-9ef0-6420d931fdf1}</UniqueIdentifier>
    </Filter>
    <Filter Include="07. Asset\MeshData">
      <UniqueIdentifier>{abe9cf69-7c07-4a0e-b499-a863f04f2987}</UniqueIdentifier>
    </Filter>
    <Filter Include="07. Asset\Prefab">
      <UniqueIdentifier>{864bec67-28e0-4bd5-9b23-0cd25a18f918}</UniqueIdentifier>
    </Filter>
    <Filter Include="07. Asset\Shader">
      <UniqueIdentifier>{85dd2081-02b5-489e-8c16-95287e1615c1}</UniqueIdentifier>
    </Filter>
    <Filter Include="03. Device\ConstantBuffer">
      <UniqueIdentifier>{a646a808-c893-4dcb-8371-75c4361c6853}</UniqueIdentifier>
    </Filter>
    <Filter Include="07. Asset\Shader\GraphicShader">
      <UniqueIdentifier>{7f579471-cf5a-4a49-9604-7752edcd6bff}</UniqueIdentifier>
    </Filter>
    <Filter Include="07. Asset\Shader\ComputeShader">
      <UniqueIdentifier>{a10fc5ad-fc5c-4f69-a3c4-edad1ad0f5fc}</UniqueIdentifier>
    </Filter>
  </ItemGroup>
  <ItemGroup>
    <ClInclude Include="framework.h">
      <Filter>Default</Filter>
    </ClInclude>
    <ClInclude Include="pch.h">
      <Filter>Default</Filter>
    </ClInclude>
    <ClInclude Include="CEngine.h">
      <Filter>02. Engine</Filter>
    </ClInclude>
    <ClInclude Include="global.h">
      <Filter>01. Header</Filter>
    </ClInclude>
    <ClInclude Include="Temp.h" />
    <ClInclude Include="SimpleMath.h">
      <Filter>Module</Filter>
    </ClInclude>
    <ClInclude Include="struct.h">
      <Filter>01. Header</Filter>
    </ClInclude>
    <ClInclude Include="define.h">
      <Filter>01. Header</Filter>
    </ClInclude>
    <ClInclude Include="singleton.h">
      <Filter>Module</Filter>
    </ClInclude>
    <ClInclude Include="CDevice.h">
      <Filter>03. Device</Filter>
    </ClInclude>
    <ClInclude Include="CTimeMgr.h">
      <Filter>04. Manager\01.TimeMgr</Filter>
    </ClInclude>
    <ClInclude Include="CPathMgr.h">
      <Filter>04. Manager\02.PathMgr</Filter>
    </ClInclude>
    <ClInclude Include="CKeyMgr.h">
      <Filter>04. Manager\03.KeyMgr</Filter>
    </ClInclude>
    <ClInclude Include="CEntity.h">
      <Filter>Module</Filter>
    </ClInclude>
    <ClInclude Include="CAsset.h">
      <Filter>07. Asset</Filter>
    </ClInclude>
    <ClInclude Include="CComponent.h">
      <Filter>06. Component</Filter>
    </ClInclude>
    <ClInclude Include="CGameObject.h">
      <Filter>05. GameObject</Filter>
    </ClInclude>
    <ClInclude Include="CMesh.h">
      <Filter>07. Asset\Mesh</Filter>
    </ClInclude>
    <ClInclude Include="enum.h">
      <Filter>01. Header</Filter>
    </ClInclude>
    <ClInclude Include="CConstBuffer.h">
      <Filter>03. Device\ConstantBuffer</Filter>
    </ClInclude>
    <ClInclude Include="func.h">
      <Filter>01. Header</Filter>
    </ClInclude>
    <ClInclude Include="CShader.h">
      <Filter>07. Asset\Shader</Filter>
    </ClInclude>
    <ClInclude Include="CGraphicShader.h">
      <Filter>07. Asset\Shader\GraphicShader</Filter>
    </ClInclude>
    <ClInclude Include="CComputeShader.h">
      <Filter>07. Asset\Shader\ComputeShader</Filter>
    </ClInclude>
  </ItemGroup>
  <ItemGroup>
    <ClCompile Include="Engine.cpp">
      <Filter>Default</Filter>
    </ClCompile>
    <ClCompile Include="pch.cpp">
      <Filter>Default</Filter>
    </ClCompile>
    <ClCompile Include="CEngine.cpp">
      <Filter>02. Engine</Filter>
    </ClCompile>
    <ClCompile Include="Temp.cpp" />
    <ClCompile Include="CDevice.cpp">
      <Filter>03. Device</Filter>
    </ClCompile>
    <ClCompile Include="CTimeMgr.cpp">
      <Filter>04. Manager\01.TimeMgr</Filter>
    </ClCompile>
    <ClCompile Include="CPathMgr.cpp">
      <Filter>04. Manager\02.PathMgr</Filter>
    </ClCompile>
    <ClCompile Include="CKeyMgr.cpp">
      <Filter>04. Manager\03.KeyMgr</Filter>
    </ClCompile>
    <ClCompile Include="CEntity.cpp">
      <Filter>Module</Filter>
    </ClCompile>
    <ClCompile Include="CAsset.cpp">
      <Filter>07. Asset</Filter>
    </ClCompile>
    <ClCompile Include="CComponent.cpp">
      <Filter>06. Component</Filter>
    </ClCompile>
    <ClCompile Include="CGameObject.cpp">
      <Filter>05. GameObject</Filter>
    </ClCompile>
    <ClCompile Include="CMesh.cpp">
      <Filter>07. Asset\Mesh</Filter>
    </ClCompile>
    <ClCompile Include="CConstBuffer.cpp">
      <Filter>03. Device\ConstantBuffer</Filter>
    </ClCompile>
    <ClCompile Include="CShader.cpp">
      <Filter>07. Asset\Shader</Filter>
    </ClCompile>
    <ClCompile Include="CGraphicShader.cpp">
      <Filter>07. Asset\Shader\GraphicShader</Filter>
    </ClCompile>
    <ClCompile Include="CComputeShader.cpp">
      <Filter>07. Asset\Shader\ComputeShader</Filter>
    </ClCompile>
  </ItemGroup>
  <ItemGroup>
    <None Include="SimpleMath.inl">
      <Filter>Module</Filter>
    </None>
  </ItemGroup>
  <ItemGroup>
    <FxCompile Include="std2d.fx">
      <Filter>HLSL\2D</Filter>
    </FxCompile>
  </ItemGroup>
</Project>